GEM
  remote: https://rubygems.org/
  specs:
    actionview (8.1.2)
      activesupport (= 8.1.2)
      builder (~> 3.1)
      erubi (~> 1.11)
      rails-dom-testing (~> 2.2)
      rails-html-sanitizer (~> 1.6)
    activesupport (8.1.2)
      base64
      bigdecimal
      concurrent-ruby (~> 1.0, >= 1.3.1)
      connection_pool (>= 2.2.5)
      drb
      i18n (>= 1.6, < 2)
      json
      logger (>= 1.4.2)
      minitest (>= 5.1)
      securerandom (>= 0.3)
      tzinfo (~> 2.0, >= 2.0.5)
      uri (>= 0.13.1)
    base64 (0.3.0)
    bigdecimal (4.0.1)
    builder (3.3.0)
    concurrent-ruby (1.3.6)
    connection_pool (3.0.2)
    crass (1.0.6)
    drb (2.2.3)
    erubi (1.13.1)
    eventmachine (1.2.7)
    faraday (2.14.0)
      faraday-net_http (>= 2.0, < 3.5)
      json
      logger
    faraday-multipart (1.2.0)
      multipart-post (~> 2.0)
    faraday-net_http (3.4.2)
      net-http (~> 0.5)
    faye-websocket (0.11.3)
      eventmachine (>= 0.12.0)
      websocket-driver (>= 0.5.1)
    filewatcher (2.1.0)
      module_methods (~> 0.1.0)
    i18n (1.14.8)
      concurrent-ruby (~> 1.0)
    json (2.18.0)
    liquid (5.11.0)
      bigdecimal
      strscan (>= 3.1.1)
    logger (1.7.0)
    loofah (2.25.0)
      crass (~> 1.0.2)
      nokogiri (>= 1.12.0)
    mime-types (3.7.0)
      logger
      mime-types-data (~> 3.2025, >= 3.2025.0507)
    mime-types-data (3.2026.0127)
    mini_magick (4.12.0)
    minitest (6.0.1)
      prism (~> 1.5)
    module_methods (0.1.0)
    multipart-post (2.4.1)
    mustermann (3.0.4)
      ruby2_keywords (~> 0.0.1)
    net-http (0.9.1)
      uri (>= 0.11.1)
    nio4r (2.7.5)
    nokogiri (1.19.0-aarch64-linux-gnu)
      racc (~> 1.4)
    nokogiri (1.19.0-aarch64-linux-musl)
      racc (~> 1.4)
    nokogiri (1.19.0-arm-linux-gnu)
      racc (~> 1.4)
    nokogiri (1.19.0-arm-linux-musl)
      racc (~> 1.4)
    nokogiri (1.19.0-arm64-darwin)
      racc (~> 1.4)
    nokogiri (1.19.0-x86_64-darwin)
      racc (~> 1.4)
    nokogiri (1.19.0-x86_64-linux-gnu)
      racc (~> 1.4)
    nokogiri (1.19.0-x86_64-linux-musl)
      racc (~> 1.4)
    oj (3.16.13)
      bigdecimal (>= 3.0)
      ostruct (>= 0.2)
    ostruct (0.6.3)
    pathname (0.4.0)
    prism (1.9.0)
    puma (6.6.1)
      nio4r (~> 2.0)
    puppeteer-ruby (0.45.6)
      concurrent-ruby (>= 1.1, < 1.4)
      mime-types (>= 3.0)
      websocket-driver (>= 0.6.0)
    racc (1.8.1)
    rack (3.2.4)
    rack-protection (4.2.1)
      base64 (>= 0.1.0)
      logger (>= 1.6.0)
      rack (>= 3.0.0, < 4)
    rack-session (2.1.1)
      base64 (>= 0.1.0)
      rack (>= 3.0.0)
    rackup (2.3.1)
      rack (>= 3)
    rails-dom-testing (2.3.0)
      activesupport (>= 5.0.0)
      minitest
      nokogiri (>= 1.6)
    rails-html-sanitizer (1.6.2)
      loofah (~> 2.21)
      nokogiri (>= 1.15.7, != 1.16.7, != 1.16.6, != 1.16.5, != 1.16.4, != 1.16.3, != 1.16.2, != 1.16.1, != 1.16.0.rc1, != 1.16.0)
    redcarpet (3.6.1)
    ruby2_keywords (0.0.5)
    rubyzip (2.3.2)
    securerandom (0.4.1)
    sinatra (4.2.1)
      logger (>= 1.6.0)
      mustermann (~> 3.0)
      rack (>= 3.0.0, < 4)
      rack-protection (= 4.2.1)
      rack-session (>= 2.0.0, < 3)
      tilt (~> 2.0)
    strscan (3.1.7)
    thor (1.5.0)
    tilt (2.7.0)
    trmnl-liquid (0.2.1)
      actionview (~> 8.0)
      liquid (~> 5.6)
      redcarpet (~> 3.6)
    trmnl_preview (0.5.10)
      activesupport (~> 8.0)
      faraday (~> 2.1)
      faraday-multipart (~> 1.1)
      faye-websocket (~> 0.11.3)
      filewatcher (~> 2.1)
      mini_magick (~> 4.12.0)
      oj (~> 3.16.9)
      pathname (~> 0.4)
      puma (~> 6.5)
      puppeteer-ruby (~> 0.45.6)
      rackup (~> 2.2)
      rubyzip (~> 2.3.0)
      sinatra (~> 4.1)
      thor (~> 1.3)
      trmnl-liquid (~> 0.2.0)
      tzinfo-data (~> 1.2025)
      xdg (~> 9.1)
    tzinfo (2.0.6)
      concurrent-ruby (~> 1.0)
    tzinfo-data (1.2025.3)
      tzinfo (>= 1.0.0)
    uri (1.1.1)
    websocket-driver (0.8.0)
      base64
      websocket-extensions (>= 0.1.0)
    websocket-extensions (0.1.5)
    xdg (9.5.0)

PLATFORMS
  aarch64-linux-gnu
  aarch64-linux-musl
  arm-linux-gnu
  arm-linux-musl
  arm64-darwin
  x86_64-darwin
  x86_64-linux-gnu
  x86_64-linux-musl

DEPENDENCIES
  trmnl_preview (= 0.5.10)

CHECKSUMS
  actionview (8.1.2) sha256=80455b2588911c9b72cec22d240edacb7c150e800ef2234821269b2b2c3e2e5b
  activesupport (8.1.2) sha256=88842578ccd0d40f658289b0e8c842acfe9af751afee2e0744a7873f50b6fdae
  base64 (0.3.0) sha256=27337aeabad6ffae05c265c450490628ef3ebd4b67be58257393227588f5a97b
  bigdecimal (4.0.1) sha256=8b07d3d065a9f921c80ceaea7c9d4ae596697295b584c296fe599dd0ad01c4a7
  builder (3.3.0) sha256=497918d2f9dca528fdca4b88d84e4ef4387256d984b8154e9d5d3fe5a9c8835f
  concurrent-ruby (1.3.6) sha256=6b56837e1e7e5292f9864f34b69c5a2cbc75c0cf5338f1ce9903d10fa762d5ab
  connection_pool (3.0.2) sha256=33fff5ba71a12d2aa26cb72b1db8bba2a1a01823559fb01d29eb74c286e62e0a
  crass (1.0.6) sha256=dc516022a56e7b3b156099abc81b6d2b08ea1ed12676ac7a5657617f012bd45d
  drb (2.2.3) sha256=0b00d6fdb50995fe4a45dea13663493c841112e4068656854646f418fda13373
  erubi (1.13.1) sha256=a082103b0885dbc5ecf1172fede897f9ebdb745a4b97a5e8dc63953db1ee4ad9
  eventmachine (1.2.7) sha256=994016e42aa041477ba9cff45cbe50de2047f25dd418eba003e84f0d16560972
  faraday (2.14.0) sha256=8699cfe5d97e55268f2596f9a9d5a43736808a943714e3d9a53e6110593941cd
  faraday-multipart (1.2.0) sha256=7d89a949693714176f612323ca13746a2ded204031a6ba528adee788694ef757
  faraday-net_http (3.4.2) sha256=f147758260d3526939bf57ecf911682f94926a3666502e24c69992765875906c
  faye-websocket (0.11.3) sha256=109187161939c57032d2bba9e5c45621251d73f806bb608d2d4c3ab2cabeb307
  filewatcher (2.1.0) sha256=e7809907817c4298645c9fdbcc0b177b037f7a83d283106b024ffdc24ed9c90d
  i18n (1.14.8) sha256=285778639134865c5e0f6269e0b818256017e8cde89993fdfcbfb64d088824a5
  json (2.18.0) sha256=b10506aee4183f5cf49e0efc48073d7b75843ce3782c68dbeb763351c08fd505
  liquid (5.11.0) sha256=c338b641f9ee9e03e1377a13d880a0c636fadd944fae0c8a4af9bf4349264800
  logger (1.7.0) sha256=196edec7cc44b66cfb40f9755ce11b392f21f7967696af15d274dde7edff0203
  loofah (2.25.0) sha256=df5ed7ac3bac6a4ec802df3877ee5cc86d027299f8952e6243b3dac446b060e6
  mime-types (3.7.0) sha256=dcebf61c246f08e15a4de34e386ebe8233791e868564a470c3fe77c00eed5e56
  mime-types-data (3.2026.0127) sha256=4a58692436a987ad930e75bf8f24da7e627acfa0d06e1720aa514791b4c7d12b
  mini_magick (4.12.0) sha256=67302fa84e63f1002b71416a8466968ed0f33d22f5d42962a0c09a9f1c3a906a
  minitest (6.0.1) sha256=7854c74f48e2e975969062833adc4013f249a4b212f5e7b9d5c040bf838d54bb
  module_methods (0.1.0) sha256=71cabd8e5b8537316a2e4a543a778726f34fab048d6d5fe97f3766c7b4e406a1
  multipart-post (2.4.1) sha256=9872d03a8e552020ca096adadbf5e3cb1cd1cdd6acd3c161136b8a5737cdb4a8
  mustermann (3.0.4) sha256=85fadcb6b3c6493a8b511b42426f904b7f27b282835502233dd154daab13aa22
  net-http (0.9.1) sha256=25ba0b67c63e89df626ed8fac771d0ad24ad151a858af2cc8e6a716ca4336996
  nio4r (2.7.5) sha256=6c90168e48fb5f8e768419c93abb94ba2b892a1d0602cb06eef16d8b7df1dca1
  nokogiri (1.19.0-aarch64-linux-gnu) sha256=11a97ecc3c0e7e5edcf395720b10860ef493b768f6aa80c539573530bc933767
  nokogiri (1.19.0-aarch64-linux-musl) sha256=eb70507f5e01bc23dad9b8dbec2b36ad0e61d227b42d292835020ff754fb7ba9
  nokogiri (1.19.0-arm-linux-gnu) sha256=572a259026b2c8b7c161fdb6469fa2d0edd2b61cd599db4bbda93289abefbfe5
  nokogiri (1.19.0-arm-linux-musl) sha256=23ed90922f1a38aed555d3de4d058e90850c731c5b756d191b3dc8055948e73c
  nokogiri (1.19.0-arm64-darwin) sha256=0811dfd936d5f6dd3f6d32ef790568bf29b2b7bead9ba68866847b33c9cf5810
  nokogiri (1.19.0-x86_64-darwin) sha256=1dad56220b603a8edb9750cd95798bffa2b8dd9dd9aa47f664009ee5b43e3067
  nokogiri (1.19.0-x86_64-linux-gnu) sha256=f482b95c713d60031d48c44ce14562f8d2ce31e3a9e8dd0ccb131e9e5a68b58c
  nokogiri (1.19.0-x86_64-linux-musl) sha256=1c4ca6b381622420073ce6043443af1d321e8ed93cc18b08e2666e5bd02ffae4
  oj (3.16.13) sha256=b114bcb83ef884f1736b3112108f77cf9ca90aa8111a775318cc5d7a6a1e0303
  ostruct (0.6.3) sha256=95a2ed4a4bd1d190784e666b47b2d3f078e4a9efda2fccf18f84ddc6538ed912
  pathname (0.4.0) sha256=d8bef9d54dd35667f057708ee4f8ed91818e493091f86788fd5ef21a7cbeee89
  prism (1.9.0) sha256=7b530c6a9f92c24300014919c9dcbc055bf4cdf51ec30aed099b06cd6674ef85
  puma (6.6.1) sha256=b9b56e4a4ea75d1bfa6d9e1972ee2c9f43d0883f011826d914e8e37b3694ea1e
  puppeteer-ruby (0.45.6) sha256=cb86f7b4f6f8658a709ae1a305e820bdb009548e6beff6675489926f9ceb5995
  racc (1.8.1) sha256=4a7f6929691dbec8b5209a0b373bc2614882b55fc5d2e447a21aaa691303d62f
  rack (3.2.4) sha256=5d74b6f75082a643f43c1e76b419c40f0e5527fcfee1e669ac1e6b73c0ccb6f6
  rack-protection (4.2.1) sha256=cf6e2842df8c55f5e4d1a4be015e603e19e9bc3a7178bae58949ccbb58558bac
  rack-session (2.1.1) sha256=0b6dc07dea7e4b583f58a48e8b806d4c9f1c6c9214ebc202ec94562cbea2e4e9
  rackup (2.3.1) sha256=6c79c26753778e90983761d677a48937ee3192b3ffef6bc963c0950f94688868
  rails-dom-testing (2.3.0) sha256=8acc7953a7b911ca44588bf08737bc16719f431a1cc3091a292bca7317925c1d
  rails-html-sanitizer (1.6.2) sha256=35fce2ca8242da8775c83b6ba9c1bcaad6751d9eb73c1abaa8403475ab89a560
  redcarpet (3.6.1) sha256=d444910e6aa55480c6bcdc0cdb057626e8a32c054c29e793fa642ba2f155f445
  ruby2_keywords (0.0.5) sha256=ffd13740c573b7301cf7a2e61fc857b2a8e3d3aff32545d6f8300d8bae10e3ef
  rubyzip (2.3.2) sha256=3f57e3935dc2255c414484fbf8d673b4909d8a6a57007ed754dde39342d2373f
  securerandom (0.4.1) sha256=cc5193d414a4341b6e225f0cb4446aceca8e50d5e1888743fac16987638ea0b1
  sinatra (4.2.1) sha256=b7aeb9b11d046b552972ade834f1f9be98b185fa8444480688e3627625377080
  strscan (3.1.7) sha256=5f76462b94a3ea50b44973225b7d75b2cb96d4e1bee9ef1319b99ca117b72c8c
  thor (1.5.0) sha256=e3a9e55fe857e44859ce104a84675ab6e8cd59c650a49106a05f55f136425e73
  tilt (2.7.0) sha256=0d5b9ba69f6a36490c64b0eee9f6e9aad517e20dcc848800a06eb116f08c6ab3
  trmnl-liquid (0.2.1) sha256=279ac521c799f60218193abfccb4691a4a3b1ae167cbfb88c2f976160f65e510
  trmnl_preview (0.5.10) sha256=35fb699bd31ffe4f51ed846e6bb70dfedabe437005c5dbeeeb6049df808364cc
  tzinfo (2.0.6) sha256=8daf828cc77bcf7d63b0e3bdb6caa47e2272dcfaf4fbfe46f8c3a9df087a829b
  tzinfo-data (1.2025.3) sha256=b546e2f1e5e5c40a0c619aafb24e30d3d6a128c2f689278f721b7286dd499562
  uri (1.1.1) sha256=379fa58d27ffb1387eaada68c749d1426738bd0f654d812fcc07e7568f5c57c6
  websocket-driver (0.8.0) sha256=ed0dba4b943c22f17f9a734817e808bc84cdce6a7e22045f5315aa57676d4962
  websocket-extensions (0.1.5) sha256=1c6ba63092cda343eb53fc657110c71c754c56484aad42578495227d717a8241
  xdg (9.5.0) sha256=e47886d0aef0273d0ba018452cc0499f44e1c4cbf424eb03be493d576878b35d

BUNDLED WITH
  4.0.5
